
Microsoft Visual Studio Solution File, Format Version 12.00
# Visual Studio 15
VisualStudioVersion = 15.0.27428.2037
MinimumVisualStudioVersion = 10.0.40219.1
Project("{FAE04EC0-301F-11D3-BF4B-00C04F79EFBC}") = "HW1_240618", "HW1_240618\HW1_240618.csproj", "{5B2E7BD3-572D-4CD8-A3B1-F7BBFC5DE08D}"
EndProject
Global
	GlobalSection(SolutionConfigurationPlatforms) = preSolution
		Debug|Any CPU = Debug|Any CPU
		Release|Any CPU = Release|Any CPU
	EndGlobalSection
	GlobalSection(ProjectConfigurationPlatforms) = postSolution
		{5B2E7BD3-572D-4CD8-A3B1-F7BBFC5DE08D}.Debug|Any CPU.ActiveCfg = Debug|Any CPU
		{5B2E7BD3-572D-4CD8-A3B1-F7BBFC5DE08D}.Debug|Any CPU.Build.0 = Debug|Any CPU
		{5B2E7BD3-572D-4CD8-A3B1-F7BBFC5DE08D}.Release|Any CPU.ActiveCfg = Release|Any CPU
		{5B2E7BD3-572D-4CD8-A3B1-F7BBFC5DE08D}.Release|Any CPU.Build.0 = Release|Any CPU
	EndGlobalSection
	GlobalSection(SolutionProperties) = preSolution
		HideSolutionNode = FALSE
	EndGlobalSection
	GlobalSection(ExtensibilityGlobals) = postSolution
		SolutionGuid = {3826CD37-CB03-4C43-8542-AAECBC127BE8}
	EndGlobalSection
EndGlobal
